
Microsoft Visual Studio Solution File, Format Version 12.00
# Visual Studio Version 16
VisualStudioVersion = 16.0.29418.71
MinimumVisualStudioVersion = 10.0.40219.1
Project("{FAE04EC0-301F-11D3-BF4B-00C04F79EFBC}") = "ActPluginHelper", "ActPluginHelper\ActPluginHelper.csproj", "{78E02051-4203-49D2-B985-67E5379965E9}"
EndProject
Project("{FAE04EC0-301F-11D3-BF4B-00C04F79EFBC}") = "Alex_zigendanzetu", "Alex_zigendanzetu\Alex_zigendanzetu.csproj", "{8D1729C5-515D-4775-8949-BDDFDA81DF3D}"
EndProject
Project("{FAE04EC0-301F-11D3-BF4B-00C04F79EFBC}") = "Alex_dammyDiscrimination", "Alex_dammyDiscrimination\Alex_dammyDiscrimination.csproj", "{4918E546-92C4-4BF5-8383-583AEB721281}"
EndProject
Global
	GlobalSection(SolutionConfigurationPlatforms) = preSolution
		Debug|Any CPU = Debug|Any CPU
		Release|Any CPU = Release|Any CPU
	EndGlobalSection
	GlobalSection(ProjectConfigurationPlatforms) = postSolution
		{78E02051-4203-49D2-B985-67E5379965E9}.Debug|Any CPU.ActiveCfg = Debug|Any CPU
		{78E02051-4203-49D2-B985-67E5379965E9}.Debug|Any CPU.Build.0 = Debug|Any CPU
		{78E02051-4203-49D2-B985-67E5379965E9}.Release|Any CPU.ActiveCfg = Release|Any CPU
		{78E02051-4203-49D2-B985-67E5379965E9}.Release|Any CPU.Build.0 = Release|Any CPU
		{8D1729C5-515D-4775-8949-BDDFDA81DF3D}.Debug|Any CPU.ActiveCfg = Debug|Any CPU
		{8D1729C5-515D-4775-8949-BDDFDA81DF3D}.Debug|Any CPU.Build.0 = Debug|Any CPU
		{8D1729C5-515D-4775-8949-BDDFDA81DF3D}.Release|Any CPU.ActiveCfg = Release|Any CPU
		{8D1729C5-515D-4775-8949-BDDFDA81DF3D}.Release|Any CPU.Build.0 = Release|Any CPU
		{4918E546-92C4-4BF5-8383-583AEB721281}.Debug|Any CPU.ActiveCfg = Debug|Any CPU
		{4918E546-92C4-4BF5-8383-583AEB721281}.Debug|Any CPU.Build.0 = Debug|Any CPU
		{4918E546-92C4-4BF5-8383-583AEB721281}.Release|Any CPU.ActiveCfg = Release|Any CPU
		{4918E546-92C4-4BF5-8383-583AEB721281}.Release|Any CPU.Build.0 = Release|Any CPU
	EndGlobalSection
	GlobalSection(SolutionProperties) = preSolution
		HideSolutionNode = FALSE
	EndGlobalSection
	GlobalSection(ExtensibilityGlobals) = postSolution
		SolutionGuid = {83CEC6BF-D6AF-428D-B29C-6A268AA657C3}
	EndGlobalSection
EndGlobal
